github.com/ABFCode/Spine v0.3.1 h1:l6VeeZEhKm/jzbEg/U8v+reyK6LG7THvPO1VFaZQ0sw=
github.com/ABFCode/Spine v0.3.1/go.mod h1:1mTagWOXjmMxf9EVbQBWpmreEi1Vh9Fx3m5XZjavrTc=
golang.org/x/net v0.49.0 h1:eeHFmOGUTtaaPSGNmjBKpbng9MulQsJURQUAfUwY++o=
golang.org/x/net v0.49.0/go.mod h1:/ysNB2EvaqvesRkuLAyjI1ycPZlQHM3q01F02UY/MV8=
